
Microsoft Visual Studio Solution File, Format Version 12.00
# Visual Studio Version 16
VisualStudioVersion = 16.0.29613.14
MinimumVisualStudioVersion = 10.0.40219.1
Project("{FAE04EC0-301F-11D3-BF4B-00C04F79EFBC}") = "MicrosoftReportSample", "MicrosoftReportSample\MicrosoftReportSample.csproj", "{4063C2C2-1944-4E54-B890-9980B0577555}"
EndProject
Global
	GlobalSection(SolutionConfigurationPlatforms) = preSolution
		Debug|Any CPU = Debug|Any CPU
		Release|Any CPU = Release|Any CPU
	EndGlobalSection
	GlobalSection(ProjectConfigurationPlatforms) = postSolution
		{4063C2C2-1944-4E54-B890-9980B0577555}.Debug|Any CPU.ActiveCfg = Debug|Any CPU
		{4063C2C2-1944-4E54-B890-9980B0577555}.Debug|Any CPU.Build.0 = Debug|Any CPU
		{4063C2C2-1944-4E54-B890-9980B0577555}.Release|Any CPU.ActiveCfg = Release|Any CPU
		{4063C2C2-1944-4E54-B890-9980B0577555}.Release|Any CPU.Build.0 = Release|Any CPU
	EndGlobalSection
	GlobalSection(SolutionProperties) = preSolution
		HideSolutionNode = FALSE
	EndGlobalSection
	GlobalSection(ExtensibilityGlobals) = postSolution
		SolutionGuid = {C8C8581F-BA16-4357-83C3-F8E0653A67DD}
	EndGlobalSection
EndGlobal
